// !$*UTF8*$!
{
	archiveVersion = 1;
	classes = {
	};
	objectVersion = 46;
	objects = {

/* Begin PBXBuildFile section */
		922717D81EEB053D00A1CD20 /* main.m in Sources */ = {isa = PBXBuildFile; fileRef = 922717D71EEB053D00A1CD20 /* main.m */; };
		922717DB1EEB053D00A1CD20 /* AppDelegate.m in Sources */ = {isa = PBXBuildFile; fileRef = 922717DA1EEB053D00A1CD20 /* AppDelegate.m */; };
		922717DE1EEB053D00A1CD20 /* ViewController.m in Sources */ = {isa = PBXBuildFile; fileRef = 922717DD1EEB053D00A1CD20 /* ViewController.m */; };
		922717E11EEB053D00A1CD20 /* Main.storyboard in Resources */ = {isa = PBXBuildFile; fileRef = 922717DF1EEB053D00A1CD20 /* Main.storyboard */; };
		922717E31EEB053D00A1CD20 /* Assets.xcassets in Resources */ = {isa = PBXBuildFile; fileRef = 922717E21EEB053D00A1CD20 /* Assets.xcassets */; };
		922717E61EEB053D00A1CD20 /* LaunchScreen.storyboard in Resources */ = {isa = PBXBuildFile; fileRef = 922717E41EEB053D00A1CD20 /* LaunchScreen.storyboard */; };
/* End PBXBuildFile section */

/* Begin PBXFileReference section */
		922717D31EEB053D00A1CD20 /* TouchesTest.app */ = {isa = PBXFileReference; explicitFileType = wrapper.application; includeInIndex = 0; path = TouchesTest.app; sourceTree = BUILT_PRODUCTS_DIR; };
		922717D71EEB053D00A1CD20 /* main.m */ = {isa = PBXFileReference; lastKnownFileType = sourcecode.c.objc; path = main.m; sourceTree = "<group>"; };
		922717D91EEB053D00A1CD20 /* AppDelegate.h */ = {isa = PBXFileReference; lastKnownFileType = sourcecode.c.h; path = AppDelegate.h; sourceTree = "<group>"; };
		922717DA1EEB053D00A1CD20 /* AppDelegate.m */ = {isa = PBXFileReference; lastKnownFileType = sourcecode.c.objc; path = AppDelegate.m; sourceTree = "<group>"; };
		922717DC1EEB053D00A1CD20 /* ViewController.h */ = {isa = PBXFileReference; lastKnownFileType = sourcecode.c.h; path = ViewController.h; sourceTree = "<group>"; };
		922717DD1EEB053D00A1CD20 /* ViewController.m */ = {isa = PBXFileReference; lastKnownFileType = sourcecode.c.objc; path = ViewController.m; sourceTree = "<group>"; };
		922717E01EEB053D00A1CD20 /* Base */ = {isa = PBXFileReference; lastKnownFileType = file.storyboard; name = Base; path = Base.lproj/Main.storyboard; sourceTree = "<group>"; };
		922717E21EEB053D00A1CD20 /* Assets.xcassets */ = {isa = PBXFileReference; lastKnownFileType = folder.assetcatalog; path = Assets.xcassets; sourceTree = "<group>"; };
		922717E51EEB053D00A1CD20 /* Base */ = {isa = PBXFileReference; lastKnownFileType = file.storyboard; name = Base; path = Base.lproj/LaunchScreen.storyboard; sourceTree = "<group>"; };
		922717E71EEB053D00A1CD20 /* Info.plist */ = {isa = PBXFileReference; lastKnownFileType = text.plist.xml; path = Info.plist; sourceTree = "<group>"; };
/* End PBXFileReference section */

/* Begin PBXFrameworksBuildPhase section */
		922717D01EEB053D00A1CD20 /* Frameworks */ = {
			isa = PBXFrameworksBuildPhase;
			buildActionMask = 2147483647;
			files = (
			);
			runOnlyForDeploymentPostprocessing = 0;
		};
/* End PBXFrameworksBuildPhase section */

/* Begin PBXGroup section */
		922717CA1EEB053D00A1CD20 = {
			isa = PBXGroup;
			children = (
				922717D51EEB053D00A1CD20 /* TouchesTest */,
				922717D41EEB053D00A1CD20 /* Products */,
			);
			sourceTree = "<group>";
		};
		922717D41EEB053D00A1CD20 /* Products */ = {
			isa = PBXGroup;
			children = (
				922717D31EEB053D00A1CD20 /* TouchesTest.app */,
			);
			name = Products;
			sourceTree = "<group>";
		};
		922717D51EEB053D00A1CD20 /* TouchesTest */ = {
			isa = PBXGroup;
			children = (
				922717D91EEB053D00A1CD20 /* AppDelegate.h */,
				922717DA1EEB053D00A1CD20 /* AppDelegate.m */,
				922717DC1EEB053D00A1CD20 /* ViewController.h */,
				922717DD1EEB053D00A1CD20 /* ViewController.m */,
				922717DF1EEB053D00A1CD20 /* Main.storyboard */,
				922717E21EEB053D00A1CD20 /* Assets.xcassets */,
				922717E41EEB053D00A1CD20 /* LaunchScreen.storyboard */,
				922717E71EEB053D00A1CD20 /* Info.plist */,
				922717D61EEB053D00A1CD20 /* Supporting Files */,
			);
			path = TouchesTest;
			sourceTree = "<group>";
		};
		922717D61EEB053D00A1CD20 /* Supporting Files */ = {
			isa = PBXGroup;
			children = (
				922717D71EEB053D00A1CD20 /* main.m */,
			);
			name = "Supporting Files";
			sourceTree = "<group>";
		};
/* End PBXGroup section */

/* Begin PBXNativeTarget section */
		922717D21EEB053D00A1CD20 /* TouchesTest */ = {
			isa = PBXNativeTarget;
			buildConfigurationList = 922717EA1EEB053D00A1CD20 /* Build configuration list for PBXNativeTarget "TouchesTest" */;
			buildPhases = (
				922717CF1EEB053D00A1CD20 /* Sources */,
				922717D01EEB053D00A1CD20 /* Frameworks */,
				922717D11EEB053D00A1CD20 /* Resources */,
			);
			buildRules = (
			);
			dependencies = (
			);
			name = TouchesTest;
			productName = TouchesTest;
			productReference = 922717D31EEB053D00A1CD20 /* TouchesTest.app */;
			productType = "com.apple.product-type.application";
		};
/* End PBXNativeTarget section */

/* Begin PBXProject section */
		922717CB1EEB053D00A1CD20 /* Project object */ = {
			isa = PBXProject;
			attributes = {
				LastUpgradeCheck = 0830;
				ORGANIZATIONNAME = Denis;
				TargetAttributes = {
					922717D21EEB053D00A1CD20 = {
						CreatedOnToolsVersion = 8.3.3;
						ProvisioningStyle = Automatic;
					};
				};
			};
			buildConfigurationList = 922717CE1EEB053D00A1CD20 /* Build configuration list for PBXProject "TouchesTest" */;
			compatibilityVersion = "Xcode 3.2";
			developmentRegion = English;
			hasScannedForEncodings = 0;
			knownRegions = (
				en,
				Base,
			);
			mainGroup = 922717CA1EEB053D00A1CD20;
			productRefGroup = 922717D41EEB053D00A1CD20 /* Products */;
			projectDirPath = "";
			projectRoot = "";
			targets = (
				922717D21EEB053D00A1CD20 /* TouchesTest */,
			);
		};
/* End PBXProject section */

/* Begin PBXResourcesBuildPhase section */
		922717D11EEB053D00A1CD20 /* Resources */ = {
			isa = PBXResourcesBuildPhase;
			buildActionMask = 2147483647;
			files = (
				922717E61EEB053D00A1CD20 /* LaunchScreen.storyboard in Resources */,
				922717E31EEB053D00A1CD20 /* Assets.xcassets in Resources */,
				922717E11EEB053D00A1CD20 /* Main.storyboard in Resources */,
			);
			runOnlyForDeploymentPostprocessing = 0;
		};
/* End PBXResourcesBuildPhase section */

/* Begin PBXSourcesBuildPhase section */
		922717CF1EEB053D00A1CD20 /* Sources */ = {
			isa = PBXSourcesBuildPhase;
			buildActionMask = 2147483647;
			files = (
				922717DE1EEB053D00A1CD20 /* ViewController.m in Sources */,
				922717DB1EEB053D00A1CD20 /* AppDelegate.m in Sources */,
				922717D81EEB053D00A1CD20 /* main.m in Sources */,
			);
			runOnlyForDeploymentPostprocessing = 0;
		};
/* End PBXSourcesBuildPhase section */

/* Begin PBXVariantGroup section */
		922717DF1EEB053D00A1CD20 /* Main.storyboard */ = {
			isa = PBXVariantGroup;
			children = (
				922717E01EEB053D00A1CD20 /* Base */,
			);
			name = Main.storyboard;
			sourceTree = "<group>";
		};
		922717E41EEB053D00A1CD20 /* LaunchScreen.storyboard */ = {
			isa = PBXVariantGroup;
			children = (
				922717E51EEB053D00A1CD20 /* Base */,
			);
			name = LaunchScreen.storyboard;
			sourceTree = "<group>";
		};
/* End PBXVariantGroup section */

/* Begin XCBuildConfiguration section */
		922717E81EEB053D00A1CD20 /* Debug */ = {
			isa = XCBuildConfiguration;
			buildSettings = {
				ALWAYS_SEARCH_USER_PATHS = NO;
				CLANG_ANALYZER_NONNULL = YES;
				CLANG_ANALYZER_NUMBER_OBJECT_CONVERSION = YES_AGGRESSIVE;
				CLANG_CXX_LANGUAGE_STANDARD = "gnu++0x";
				CLANG_CXX_LIBRARY = "libc++";
				CLANG_ENABLE_MODULES = YES;
				CLANG_ENABLE_OBJC_ARC = YES;
				CLANG_WARN_BOOL_CONVERSION = YES;
				CLANG_WARN_CONSTANT_CONVERSION = YES;
				CLANG_WARN_DIRECT_OBJC_ISA_USAGE = YES_ERROR;
				CLANG_WARN_DOCUMENTATION_COMMENTS = YES;
				CLANG_WARN_EMPTY_BODY = YES;
				CLANG_WARN_ENUM_CONVERSION = YES;
				CLANG_WARN_INFINITE_RECURSION = YES;
				CLANG_WARN_INT_CONVERSION = YES;
				CLANG_WARN_OBJC_ROOT_CLASS = YES_ERROR;
				CLANG_WARN_SUSPICIOUS_MOVE = YES;
				CLANG_WARN_UNREACHABLE_CODE = YES;
				CLANG_WARN__DUPLICATE_METHOD_MATCH = YES;
				"CODE_SIGN_IDENTITY[sdk=iphoneos*]" = "iPhone Developer";
				COPY_PHASE_STRIP = NO;
				DEBUG_INFORMATION_FORMAT = dwarf;
				ENABLE_STRICT_OBJC_MSGSEND = YES;
				ENABLE_TESTABILITY = YES;
				GCC_C_LANGUAGE_STANDARD = gnu99;
				GCC_DYNAMIC_NO_PIC = NO;
				GCC_NO_COMMON_BLOCKS = YES;
				GCC_OPTIMIZATION_LEVEL = 0;
				GCC_PREPROCESSOR_DEFINITIONS = (
					"DEBUG=1",
					"$(inherited)",
				);
				GCC_WARN_64_TO_32_BIT_CONVERSION = YES;
				GCC_WARN_ABOUT_RETURN_TYPE = YES_ERROR;
				GCC_WARN_UNDECLARED_SELECTOR = YES;
				GCC_WARN_UNINITIALIZED_AUTOS = YES_AGGRESSIVE;
				GCC_WARN_UNUSED_FUNCTION = YES;
				GCC_WARN_UNUSED_VARIABLE = YES;
				IPHONEOS_DEPLOYMENT_TARGET = 10.3;
				MTL_ENABLE_DEBUG_INFO = YES;
				ONLY_ACTIVE_ARCH = YES;
				SDKROOT = iphoneos;
				TARGETED_DEVICE_FAMILY = 2;
			};
			name = Debug;
		};
		922717E91EEB053D00A1CD20 /* Release */ = {
			isa = XCBuildConfiguration;
			buildSettings = {
				ALWAYS_SEARCH_USER_PATHS = NO;
				CLANG_ANALYZER_NONNULL = YES;
				CLANG_ANALYZER_NUMBER_OBJECT_CONVERSION = YES_AGGRESSIVE;
				CLANG_CXX_LANGUAGE_STANDARD = "gnu++0x";
				CLANG_CXX_LIBRARY = "libc++";
				CLANG_ENABLE_MODULES = YES;
				CLANG_ENABLE_OBJC_ARC = YES;
				CLANG_WARN_BOOL_CONVERSION = YES;
				CLANG_WARN_CONSTANT_CONVERSION = YES;
				CLANG_WARN_DIRECT_OBJC_ISA_USAGE = YES_ERROR;
				CLANG_WARN_DOCUMENTATION_COMMENTS = YES;
				CLANG_WARN_EMPTY_BODY = YES;
				CLANG_WARN_ENUM_CONVERSION = YES;
				CLANG_WARN_INFINITE_RECURSION = YES;
				CLANG_WARN_INT_CONVERSION = YES;
				CLANG_WARN_OBJC_ROOT_CLASS = YES_ERROR;
				CLANG_WARN_SUSPICIOUS_MOVE = YES;
				CLANG_WARN_UNREACHABLE_CODE = YES;
				CLANG_WARN__DUPLICATE_METHOD_MATCH = YES;
				"CODE_SIGN_IDENTITY[sdk=iphoneos*]" = "iPhone Developer";
				COPY_PHASE_STRIP = NO;
				DEBUG_INFORMATION_FORMAT = "dwarf-with-dsym";
				ENABLE_NS_ASSERTIONS = NO;
				ENABLE_STRICT_OBJC_MSGSEND = YES;
				GCC_C_LANGUAGE_STANDARD = gnu99;
				GCC_NO_COMMON_BLOCKS = YES;
				GCC_WARN_64_TO_32_BIT_CONVERSION = YES;
				GCC_WARN_ABOUT_RETURN_TYPE = YES_ERROR;
				GCC_WARN_UNDECLARED_SELECTOR = YES;
				GCC_WARN_UNINITIALIZED_AUTOS = YES_AGGRESSIVE;
				GCC_WARN_UNUSED_FUNCTION = YES;
				GCC_WARN_UNUSED_VARIABLE = YES;
				IPHONEOS_DEPLOYMENT_TARGET = 10.3;
				MTL_ENABLE_DEBUG_INFO = NO;
				SDKROOT = iphoneos;
				TARGETED_DEVICE_FAMILY = 2;
				VALIDATE_PRODUCT = YES;
			};
			name = Release;
		};
		922717EB1EEB053D00A1CD20 /* Debug */ = {
			isa = XCBuildConfiguration;
			buildSettings = {
				ASSETCATALOG_COMPILER_APPICON_NAME = AppIcon;
				INFOPLIST_FILE = TouchesTest/Info.plist;
				LD_RUNPATH_SEARCH_PATHS = "$(inherited) @executable_path/Frameworks";
				PRODUCT_BUNDLE_IDENTIFIER = denis.TouchesTest;
				PRODUCT_NAME = "$(TARGET_NAME)";
			};
			name = Debug;
		};
		922717EC1EEB053D00A1CD20 /* Release */ = {
			isa = XCBuildConfiguration;
			buildSettings = {
				ASSETCATALOG_COMPILER_APPICON_NAME = AppIcon;
				INFOPLIST_FILE = TouchesTest/Info.plist;
				LD_RUNPATH_SEARCH_PATHS = "$(inherited) @executable_path/Frameworks";
				PRODUCT_BUNDLE_IDENTIFIER = denis.TouchesTest;
				PRODUCT_NAME = "$(TARGET_NAME)";
			};
			name = Release;
		};
/* End XCBuildConfiguration section */

/* Begin XCConfigurationList section */
		922717CE1EEB053D00A1CD20 /* Build configuration list for PBXProject "TouchesTest" */ = {
			isa = XCConfigurationList;
			buildConfigurations = (
				922717E81EEB053D00A1CD20 /* Debug */,
				922717E91EEB053D00A1CD20 /* Release */,
			);
			defaultConfigurationIsVisible = 0;
			defaultConfigurationName = Release;
		};
		922717EA1EEB053D00A1CD20 /* Build configuration list for PBXNativeTarget "TouchesTest" */ = {
			isa = XCConfigurationList;
			buildConfigurations = (
				922717EB1EEB053D00A1CD20 /* Debug */,
				922717EC1EEB053D00A1CD20 /* Release */,
			);
			defaultConfigurationIsVisible = 0;
		};
/* End XCConfigurationList section */
	};
	rootObject = 922717CB1EEB053D00A1CD20 /* Project object */;
}
